{
  "requires": true,
  "lockfileVersion": 1,
  "dependencies": {
    "subtitle": {
      "version": "2.0.3",
      "resolved": "https://registry.npmjs.org/subtitle/-/subtitle-2.0.3.tgz",
      "integrity": "sha512-NAQVYcWOGky/zEv37EGaTk6VK3WmD3m9JGILLcoh2YTAnXTcVhvNilAWPcqVKtWhmi3zYOBLSGa+3ufetLFrsA==",
      "requires": {
        "zero-fill": "^2.2.3"
      }
    },
    "zero-fill": {
      "version": "2.2.3",
      "resolved": "https://registry.npmjs.org/zero-fill/-/zero-fill-2.2.3.tgz",
      "integrity": "sha1-o97wa6XjmuZEhQu0yirUEStIVek="
    }
  }
}
